// !$*UTF8*$!
{
	archiveVersion = 1;
	classes = {
	};
	objectVersion = 46;
	objects = {

/* Begin PBXBuildFile section */
		309B2BA81EC4CC3200F6EE61 /* main.swift in Sources */ = {isa = PBXBuildFile; fileRef = 309B2BA71EC4CC3200F6EE61 /* main.swift */; };
/* End PBXBuildFile section */

/* Begin PBXCopyFilesBuildPhase section */
		309B2BA21EC4CC3200F6EE61 /* CopyFiles */ = {
			isa = PBXCopyFilesBuildPhase;
			buildActionMask = 2147483647;
			dstPath = /usr/share/man/man1/;
			dstSubfolderSpec = 0;
			files = (
			);
			runOnlyForDeploymentPostprocessing = 1;
		};
/* End PBXCopyFilesBuildPhase section */

/* Begin PBXFileReference section */
		309B2BA41EC4CC3200F6EE61 /* Arrays_And_Loops */ = {isa = PBXFileReference; explicitFileType = "compiled.mach-o.executable"; includeInIndex = 0; path = Arrays_And_Loops; sourceTree = BUILT_PRODUCTS_DIR; };
		309B2BA71EC4CC3200F6EE61 /* main.swift */ = {isa = PBXFileReference; lastKnownFileType = sourcecode.swift; path = main.swift; sourceTree = "<group>"; };
/* End PBXFileReference section */

/* Begin PBXFrameworksBuildPhase section */
		309B2BA11EC4CC3200F6EE61 /* Frameworks */ = {
			isa = PBXFrameworksBuildPhase;
			buildActionMask = 2147483647;
			files = (
			);
			runOnlyForDeploymentPostprocessing = 0;
		};
/* End PBXFrameworksBuildPhase section */

/* Begin PBXGroup section */
		309B2B9B1EC4CC3200F6EE61 = {
			isa = PBXGroup;
			children = (
				309B2BA61EC4CC3200F6EE61 /* Arrays_And_Loops */,
				309B2BA51EC4CC3200F6EE61 /* Products */,
			);
			sourceTree = "<group>";
		};
		309B2BA51EC4CC3200F6EE61 /* Products */ = {
			isa = PBXGroup;
			children = (
				309B2BA41EC4CC3200F6EE61 /* Arrays_And_Loops */,
			);
			name = Products;
			sourceTree = "<group>";
		};
		309B2BA61EC4CC3200F6EE61 /* Arrays_And_Loops */ = {
			isa = PBXGroup;
			children = (
				309B2BA71EC4CC3200F6EE61 /* main.swift */,
			);
			path = Arrays_And_Loops;
			sourceTree = "<group>";
		};
/* End PBXGroup section */

/* Begin PBXNativeTarget section */
		309B2BA31EC4CC3200F6EE61 /* Arrays_And_Loops */ = {
			isa = PBXNativeTarget;
			buildConfigurationList = 309B2BAB1EC4CC3200F6EE61 /* Build configuration list for PBXNativeTarget "Arrays_And_Loops" */;
			buildPhases = (
				309B2BA01EC4CC3200F6EE61 /* Sources */,
				309B2BA11EC4CC3200F6EE61 /* Frameworks */,
				309B2BA21EC4CC3200F6EE61 /* CopyFiles */,
			);
			buildRules = (
			);
			dependencies = (
			);
			name = Arrays_And_Loops;
			productName = Arrays_And_Loops;
			productReference = 309B2BA41EC4CC3200F6EE61 /* Arrays_And_Loops */;
			productType = "com.apple.product-type.tool";
		};
/* End PBXNativeTarget section */

/* Begin PBXProject section */
		309B2B9C1EC4CC3200F6EE61 /* Project object */ = {
			isa = PBXProject;
			attributes = {
				LastSwiftUpdateCheck = 0830;
				LastUpgradeCheck = 0830;
				ORGANIZATIONNAME = "Kevin Marciniak";
				TargetAttributes = {
					309B2BA31EC4CC3200F6EE61 = {
						CreatedOnToolsVersion = 8.3.2;
						DevelopmentTeam = 57ZM63HDE5;
						ProvisioningStyle = Automatic;
					};
				};
			};
			buildConfigurationList = 309B2B9F1EC4CC3200F6EE61 /* Build configuration list for PBXProject "Arrays_And_Loops" */;
			compatibilityVersion = "Xcode 3.2";
			developmentRegion = English;
			hasScannedForEncodings = 0;
			knownRegions = (
				en,
			);
			mainGroup = 309B2B9B1EC4CC3200F6EE61;
			productRefGroup = 309B2BA51EC4CC3200F6EE61 /* Products */;
			projectDirPath = "";
			projectRoot = "";
			targets = (
				309B2BA31EC4CC3200F6EE61 /* Arrays_And_Loops */,
			);
		};
/* End PBXProject section */

/* Begin PBXSourcesBuildPhase section */
		309B2BA01EC4CC3200F6EE61 /* Sources */ = {
			isa = PBXSourcesBuildPhase;
			buildActionMask = 2147483647;
			files = (
				309B2BA81EC4CC3200F6EE61 /* main.swift in Sources */,
			);
			runOnlyForDeploymentPostprocessing = 0;
		};
/* End PBXSourcesBuildPhase section */

/* Begin XCBuildConfiguration section */
		309B2BA91EC4CC3200F6EE61 /* Debug */ = {
			isa = XCBuildConfiguration;
			buildSettings = {
				ALWAYS_SEARCH_USER_PATHS = NO;
				CLANG_ANALYZER_NONNULL = YES;
				CLANG_ANALYZER_NUMBER_OBJECT_CONVERSION = YES_AGGRESSIVE;
				CLANG_CXX_LANGUAGE_STANDARD = "gnu++0x";
				CLANG_CXX_LIBRARY = "libc++";
				CLANG_ENABLE_MODULES = YES;
				CLANG_ENABLE_OBJC_ARC = YES;
				CLANG_WARN_BOOL_CONVERSION = YES;
				CLANG_WARN_CONSTANT_CONVERSION = YES;
				CLANG_WARN_DIRECT_OBJC_ISA_USAGE = YES_ERROR;
				CLANG_WARN_DOCUMENTATION_COMMENTS = YES;
				CLANG_WARN_EMPTY_BODY = YES;
				CLANG_WARN_ENUM_CONVERSION = YES;
				CLANG_WARN_INFINITE_RECURSION = YES;
				CLANG_WARN_INT_CONVERSION = YES;
				CLANG_WARN_OBJC_ROOT_CLASS = YES_ERROR;
				CLANG_WARN_SUSPICIOUS_MOVE = YES;
				CLANG_WARN_UNREACHABLE_CODE = YES;
				CLANG_WARN__DUPLICATE_METHOD_MATCH = YES;
				CODE_SIGN_IDENTITY = "-";
				COPY_PHASE_STRIP = NO;
				DEBUG_INFORMATION_FORMAT = dwarf;
				ENABLE_STRICT_OBJC_MSGSEND = YES;
				ENABLE_TESTABILITY = YES;
				GCC_C_LANGUAGE_STANDARD = gnu99;
				GCC_DYNAMIC_NO_PIC = NO;
				GCC_NO_COMMON_BLOCKS = YES;
				GCC_OPTIMIZATION_LEVEL = 0;
				GCC_PREPROCESSOR_DEFINITIONS = (
					"DEBUG=1",
					"$(inherited)",
				);
				GCC_WARN_64_TO_32_BIT_CONVERSION = YES;
				GCC_WARN_ABOUT_RETURN_TYPE = YES_ERROR;
				GCC_WARN_UNDECLARED_SELECTOR = YES;
				GCC_WARN_UNINITIALIZED_AUTOS = YES_AGGRESSIVE;
				GCC_WARN_UNUSED_FUNCTION = YES;
				GCC_WARN_UNUSED_VARIABLE = YES;
				MACOSX_DEPLOYMENT_TARGET = 10.12;
				MTL_ENABLE_DEBUG_INFO = YES;
				ONLY_ACTIVE_ARCH = YES;
				SDKROOT = macosx;
				SWIFT_OPTIMIZATION_LEVEL = "-Onone";
			};
			name = Debug;
		};
		309B2BAA1EC4CC3200F6EE61 /* Release */ = {
			isa = XCBuildConfiguration;
			buildSettings = {
				ALWAYS_SEARCH_USER_PATHS = NO;
				CLANG_ANALYZER_NONNULL = YES;
				CLANG_ANALYZER_NUMBER_OBJECT_CONVERSION = YES_AGGRESSIVE;
				CLANG_CXX_LANGUAGE_STANDARD = "gnu++0x";
				CLANG_CXX_LIBRARY = "libc++";
				CLANG_ENABLE_MODULES = YES;
				CLANG_ENABLE_OBJC_ARC = YES;
				CLANG_WARN_BOOL_CONVERSION = YES;
				CLANG_WARN_CONSTANT_CONVERSION = YES;
				CLANG_WARN_DIRECT_OBJC_ISA_USAGE = YES_ERROR;
				CLANG_WARN_DOCUMENTATION_COMMENTS = YES;
				CLANG_WARN_EMPTY_BODY = YES;
				CLANG_WARN_ENUM_CONVERSION = YES;
				CLANG_WARN_INFINITE_RECURSION = YES;
				CLANG_WARN_INT_CONVERSION = YES;
				CLANG_WARN_OBJC_ROOT_CLASS = YES_ERROR;
				CLANG_WARN_SUSPICIOUS_MOVE = YES;
				CLANG_WARN_UNREACHABLE_CODE = YES;
				CLANG_WARN__DUPLICATE_METHOD_MATCH = YES;
				CODE_SIGN_IDENTITY = "-";
				COPY_PHASE_STRIP = NO;
				DEBUG_INFORMATION_FORMAT = "dwarf-with-dsym";
				ENABLE_NS_ASSERTIONS = NO;
				ENABLE_STRICT_OBJC_MSGSEND = YES;
				GCC_C_LANGUAGE_STANDARD = gnu99;
				GCC_NO_COMMON_BLOCKS = YES;
				GCC_WARN_64_TO_32_BIT_CONVERSION = YES;
				GCC_WARN_ABOUT_RETURN_TYPE = YES_ERROR;
				GCC_WARN_UNDECLARED_SELECTOR = YES;
				GCC_WARN_UNINITIALIZED_AUTOS = YES_AGGRESSIVE;
				GCC_WARN_UNUSED_FUNCTION = YES;
				GCC_WARN_UNUSED_VARIABLE = YES;
				MACOSX_DEPLOYMENT_TARGET = 10.12;
				MTL_ENABLE_DEBUG_INFO = NO;
				SDKROOT = macosx;
			};
			name = Release;
		};
		309B2BAC1EC4CC3200F6EE61 /* Debug */ = {
			isa = XCBuildConfiguration;
			buildSettings = {
				DEVELOPMENT_TEAM = 57ZM63HDE5;
				PRODUCT_NAME = "$(TARGET_NAME)";
				SWIFT_VERSION = 3.0;
			};
			name = Debug;
		};
		309B2BAD1EC4CC3200F6EE61 /* Release */ = {
			isa = XCBuildConfiguration;
			buildSettings = {
				DEVELOPMENT_TEAM = 57ZM63HDE5;
				PRODUCT_NAME = "$(TARGET_NAME)";
				SWIFT_VERSION = 3.0;
			};
			name = Release;
		};
/* End XCBuildConfiguration section */

/* Begin XCConfigurationList section */
		309B2B9F1EC4CC3200F6EE61 /* Build configuration list for PBXProject "Arrays_And_Loops" */ = {
			isa = XCConfigurationList;
			buildConfigurations = (
				309B2BA91EC4CC3200F6EE61 /* Debug */,
				309B2BAA1EC4CC3200F6EE61 /* Release */,
			);
			defaultConfigurationIsVisible = 0;
			defaultConfigurationName = Release;
		};
		309B2BAB1EC4CC3200F6EE61 /* Build configuration list for PBXNativeTarget "Arrays_And_Loops" */ = {
			isa = XCConfigurationList;
			buildConfigurations = (
				309B2BAC1EC4CC3200F6EE61 /* Debug */,
				309B2BAD1EC4CC3200F6EE61 /* Release */,
			);
			defaultConfigurationIsVisible = 0;
		};
/* End XCConfigurationList section */
	};
	rootObject = 309B2B9C1EC4CC3200F6EE61 /* Project object */;
}
